
Microsoft Visual Studio Solution File, Format Version 12.00
# Visual Studio 2013
VisualStudioVersion = 12.0.30723.0
MinimumVisualStudioVersion = 10.0.40219.1
Project("{FAE04EC0-301F-11D3-BF4B-00C04F79EFBC}") = "EPiServer.Search.IndexingService", "EPiServer.Search.IndexingService\EPiServer.Search.IndexingService.csproj", "{8415B625-065C-4352-9FD6-F3F1E5F9428B}"
EndProject
Project("{2150E333-8FDC-42A3-9474-1A3956D46DE8}") = ".nuget", ".nuget", "{8B9E9EC7-DC95-48BE-9D36-F80DD828368F}"
	ProjectSection(SolutionItems) = preProject
		.nuget\NuGet.Config = .nuget\NuGet.Config
		.nuget\NuGet.exe = .nuget\NuGet.exe
		.nuget\NuGet.targets = .nuget\NuGet.targets
	EndProjectSection
EndProject
Project("{FAE04EC0-301F-11D3-BF4B-00C04F79EFBC}") = "EPiServer.Search.IndexingService.Test", "EPiServer.Search.IndexingService.Test\EPiServer.Search.IndexingService.Test.csproj", "{25B314CD-1ED2-4BC1-BAEE-E9C984C3933C}"
EndProject
Global
	GlobalSection(SolutionConfigurationPlatforms) = preSolution
		Debug|Any CPU = Debug|Any CPU
		Release|Any CPU = Release|Any CPU
	EndGlobalSection
	GlobalSection(ProjectConfigurationPlatforms) = postSolution
		{8415B625-065C-4352-9FD6-F3F1E5F9428B}.Debug|Any CPU.ActiveCfg = Debug|Any CPU
		{8415B625-065C-4352-9FD6-F3F1E5F9428B}.Debug|Any CPU.Build.0 = Debug|Any CPU
		{8415B625-065C-4352-9FD6-F3F1E5F9428B}.Release|Any CPU.ActiveCfg = Release|Any CPU
		{8415B625-065C-4352-9FD6-F3F1E5F9428B}.Release|Any CPU.Build.0 = Release|Any CPU
		{25B314CD-1ED2-4BC1-BAEE-E9C984C3933C}.Debug|Any CPU.ActiveCfg = Debug|Any CPU
		{25B314CD-1ED2-4BC1-BAEE-E9C984C3933C}.Debug|Any CPU.Build.0 = Debug|Any CPU
		{25B314CD-1ED2-4BC1-BAEE-E9C984C3933C}.Release|Any CPU.ActiveCfg = Release|Any CPU
		{25B314CD-1ED2-4BC1-BAEE-E9C984C3933C}.Release|Any CPU.Build.0 = Release|Any CPU
	EndGlobalSection
	GlobalSection(SolutionProperties) = preSolution
		HideSolutionNode = FALSE
	EndGlobalSection
EndGlobal
